
Microsoft Visual Studio Solution File, Format Version 12.00
# Visual Studio Version 17
VisualStudioVersion = 17.8.34330.188
MinimumVisualStudioVersion = 10.0.40219.1
Project("{8BC9CEB8-8B4A-11D0-8D11-00A0C91BC942}") = "QtMapImplement", "QtMapImplement\QtMapImplement.vcxproj", "{57A6D47C-BFDB-4DD4-BAD5-5D1D00731809}"
EndProject
Project("{2150E333-8FDC-42A3-9474-1A3956D46DE8}") = "Headers", "Headers", "{26EF6A06-4F3E-4A11-B6A1-F9319ACD8910}"
	ProjectSection(SolutionItems) = preProject
		QtMapImplement\JsonDataReader.h = QtMapImplement\JsonDataReader.h
		QtMapImplement\projectmodel.h = QtMapImplement\projectmodel.h
	EndProjectSection
EndProject
Project("{2150E333-8FDC-42A3-9474-1A3956D46DE8}") = "Source", "Source", "{BDFD500A-1831-4C82-BDBE-900239A1E4D9}"
	ProjectSection(SolutionItems) = preProject
		QtMapImplement\JsonDataReader.cpp = QtMapImplement\JsonDataReader.cpp
		QtMapImplement\main.cpp = QtMapImplement\main.cpp
		QtMapImplement\projectmodel.cpp = QtMapImplement\projectmodel.cpp
	EndProjectSection
EndProject
Project("{2150E333-8FDC-42A3-9474-1A3956D46DE8}") = "Resources", "Resources", "{86C9F918-1F3F-42AD-8F38-9CBB06E16878}"
	ProjectSection(SolutionItems) = preProject
		QtMapImplement\data.json = QtMapImplement\data.json
		QtMapImplement\main.qml = QtMapImplement\main.qml
		QtMapImplement\qml.qrc = QtMapImplement\qml.qrc
		QtMapImplement\QtMapImplement.pro = QtMapImplement\QtMapImplement.pro
	EndProjectSection
EndProject
Global
	GlobalSection(SolutionConfigurationPlatforms) = preSolution
		Debug|x64 = Debug|x64
		Debug|x86 = Debug|x86
		Release|x64 = Release|x64
		Release|x86 = Release|x86
	EndGlobalSection
	GlobalSection(ProjectConfigurationPlatforms) = postSolution
		{57A6D47C-BFDB-4DD4-BAD5-5D1D00731809}.Debug|x64.ActiveCfg = Debug|x64
		{57A6D47C-BFDB-4DD4-BAD5-5D1D00731809}.Debug|x64.Build.0 = Debug|x64
		{57A6D47C-BFDB-4DD4-BAD5-5D1D00731809}.Debug|x86.ActiveCfg = Debug|x64
		{57A6D47C-BFDB-4DD4-BAD5-5D1D00731809}.Debug|x86.Build.0 = Debug|x64
		{57A6D47C-BFDB-4DD4-BAD5-5D1D00731809}.Release|x64.ActiveCfg = Release|x64
		{57A6D47C-BFDB-4DD4-BAD5-5D1D00731809}.Release|x64.Build.0 = Release|x64
		{57A6D47C-BFDB-4DD4-BAD5-5D1D00731809}.Release|x86.ActiveCfg = Release|x64
		{57A6D47C-BFDB-4DD4-BAD5-5D1D00731809}.Release|x86.Build.0 = Release|x64
	EndGlobalSection
	GlobalSection(SolutionProperties) = preSolution
		HideSolutionNode = FALSE
	EndGlobalSection
	GlobalSection(ExtensibilityGlobals) = postSolution
		SolutionGuid = {423E29A9-24DD-4147-9167-D93CE7A91F19}
	EndGlobalSection
EndGlobal
